
Microsoft Visual Studio Solution File, Format Version 12.00
# Visual Studio Version 16
VisualStudioVersion = 16.0.29509.3
MinimumVisualStudioVersion = 10.0.40219.1
Project("{9A19103F-16F7-4668-BE54-9A1E7A4F7556}") = "Funky.Core", "Funky.Core\Funky.Core.csproj", "{4B32A92B-A403-4AD0-8236-86DF9F1B0634}"
EndProject
Project("{2150E333-8FDC-42A3-9474-1A3956D46DE8}") = ".style", ".style", "{DC2A396B-A6C2-456D-B3FE-DB13D47E9938}"
	ProjectSection(SolutionItems) = preProject
		.editorconfig = .editorconfig
	EndProjectSection
EndProject
Project("{2150E333-8FDC-42A3-9474-1A3956D46DE8}") = "eval", "eval", "{D77A2B56-3FAE-4E0E-B238-C890E69A33B4}"
EndProject
Project("{2150E333-8FDC-42A3-9474-1A3956D46DE8}") = ".ci", ".ci", "{4A9C9C34-D8E1-4063-9E80-E5BC9267E056}"
	ProjectSection(SolutionItems) = preProject
		..\package.json = ..\package.json
		..\publish.sh = ..\publish.sh
		..\release.config.js = ..\release.config.js
	EndProjectSection
EndProject
Project("{2150E333-8FDC-42A3-9474-1A3956D46DE8}") = ".build", ".build", "{98521FB7-4A54-409A-B67B-A00226918B5B}"
	ProjectSection(SolutionItems) = preProject
		..\build.sh = ..\build.sh
	EndProjectSection
EndProject
Project("{2150E333-8FDC-42A3-9474-1A3956D46DE8}") = "github", "github", "{B271805B-C104-439E-A9DB-8514EF04C455}"
EndProject
Project("{2150E333-8FDC-42A3-9474-1A3956D46DE8}") = "workflows", "workflows", "{C5C1E4E9-636E-46FF-BEC9-5A1FE377B03C}"
	ProjectSection(SolutionItems) = preProject
		..\.github\workflows\build.yml = ..\.github\workflows\build.yml
		..\.github\workflows\release.yml = ..\.github\workflows\release.yml
	EndProjectSection
EndProject
Project("{2150E333-8FDC-42A3-9474-1A3956D46DE8}") = "kafka", "kafka", "{6C8B6E69-501C-44F4-B617-A0DE2B17EB71}"
EndProject
Project("{9A19103F-16F7-4668-BE54-9A1E7A4F7556}") = "Funky.Kafka", "Funky.Kafka\Funky.Kafka.csproj", "{930CAB47-0AE7-4A50-A3BA-4981AB67C28C}"
EndProject
Project("{9A19103F-16F7-4668-BE54-9A1E7A4F7556}") = "Funky.Playground.Kafka", "eval\kafka\Funky.Playground.Kafka\Funky.Playground.Kafka.csproj", "{85BE781D-0661-4AA1-BB20-64319F2B09A2}"
EndProject
Project("{9A19103F-16F7-4668-BE54-9A1E7A4F7556}") = "Funky.Playground.Kafka.Consumer", "eval\kafka\Funky.Playground.Kafka.Consumer\Funky.Playground.Kafka.Consumer.csproj", "{BADEB6E1-7AF0-49C2-9F76-64E288062458}"
EndProject
Project("{9A19103F-16F7-4668-BE54-9A1E7A4F7556}") = "Funky.Playground.Kafka.Producer", "eval\kafka\Funky.Playground.Kafka.Producer\Funky.Playground.Kafka.Producer.csproj", "{C159F6D0-FF16-41EC-9D95-6729F065B99B}"
EndProject
Project("{2150E333-8FDC-42A3-9474-1A3956D46DE8}") = "tests", "tests", "{9808812B-87AA-43C3-8047-3386674C599E}"
EndProject
Project("{9A19103F-16F7-4668-BE54-9A1E7A4F7556}") = "Funky.Fakes", "tests\Funky.Fakes\Funky.Fakes.csproj", "{C4DEE85C-DCC5-4B2B-B73F-441873B44CF1}"
EndProject
Project("{9A19103F-16F7-4668-BE54-9A1E7A4F7556}") = "Funky.Bootstrapper.TestHost1", "tests\Funky.Bootstrapper.TestHost1\Funky.Bootstrapper.TestHost1.csproj", "{FFC6899B-DB9F-4DE1-9876-D18B084BB612}"
EndProject
Project("{9A19103F-16F7-4668-BE54-9A1E7A4F7556}") = "Funky.Bootstrapper.TestHost2", "tests\Funky.Bootstrapper.TestHost2\Funky.Bootstrapper.TestHost2.csproj", "{126A6D71-5164-4AA6-BF0F-8DE27265A7B4}"
EndProject
Project("{9A19103F-16F7-4668-BE54-9A1E7A4F7556}") = "Funky.Bootstrapper.TestHost3", "tests\Funky.Bootstrapper.TestHost3\Funky.Bootstrapper.TestHost3.csproj", "{25EA7479-35DB-4AD0-A7C2-81B4A34CA056}"
EndProject
Global
	GlobalSection(SolutionConfigurationPlatforms) = preSolution
		Debug|Any CPU = Debug|Any CPU
		Release|Any CPU = Release|Any CPU
	EndGlobalSection
	GlobalSection(ProjectConfigurationPlatforms) = postSolution
		{4B32A92B-A403-4AD0-8236-86DF9F1B0634}.Debug|Any CPU.ActiveCfg = Debug|Any CPU
		{4B32A92B-A403-4AD0-8236-86DF9F1B0634}.Debug|Any CPU.Build.0 = Debug|Any CPU
		{4B32A92B-A403-4AD0-8236-86DF9F1B0634}.Release|Any CPU.ActiveCfg = Release|Any CPU
		{4B32A92B-A403-4AD0-8236-86DF9F1B0634}.Release|Any CPU.Build.0 = Release|Any CPU
		{930CAB47-0AE7-4A50-A3BA-4981AB67C28C}.Debug|Any CPU.ActiveCfg = Debug|Any CPU
		{930CAB47-0AE7-4A50-A3BA-4981AB67C28C}.Debug|Any CPU.Build.0 = Debug|Any CPU
		{930CAB47-0AE7-4A50-A3BA-4981AB67C28C}.Release|Any CPU.ActiveCfg = Release|Any CPU
		{930CAB47-0AE7-4A50-A3BA-4981AB67C28C}.Release|Any CPU.Build.0 = Release|Any CPU
		{85BE781D-0661-4AA1-BB20-64319F2B09A2}.Debug|Any CPU.ActiveCfg = Debug|Any CPU
		{85BE781D-0661-4AA1-BB20-64319F2B09A2}.Debug|Any CPU.Build.0 = Debug|Any CPU
		{85BE781D-0661-4AA1-BB20-64319F2B09A2}.Release|Any CPU.ActiveCfg = Release|Any CPU
		{85BE781D-0661-4AA1-BB20-64319F2B09A2}.Release|Any CPU.Build.0 = Release|Any CPU
		{BADEB6E1-7AF0-49C2-9F76-64E288062458}.Debug|Any CPU.ActiveCfg = Debug|Any CPU
		{BADEB6E1-7AF0-49C2-9F76-64E288062458}.Debug|Any CPU.Build.0 = Debug|Any CPU
		{BADEB6E1-7AF0-49C2-9F76-64E288062458}.Release|Any CPU.ActiveCfg = Release|Any CPU
		{BADEB6E1-7AF0-49C2-9F76-64E288062458}.Release|Any CPU.Build.0 = Release|Any CPU
		{C159F6D0-FF16-41EC-9D95-6729F065B99B}.Debug|Any CPU.ActiveCfg = Debug|Any CPU
		{C159F6D0-FF16-41EC-9D95-6729F065B99B}.Debug|Any CPU.Build.0 = Debug|Any CPU
		{C159F6D0-FF16-41EC-9D95-6729F065B99B}.Release|Any CPU.ActiveCfg = Release|Any CPU
		{C159F6D0-FF16-41EC-9D95-6729F065B99B}.Release|Any CPU.Build.0 = Release|Any CPU
		{C4DEE85C-DCC5-4B2B-B73F-441873B44CF1}.Debug|Any CPU.ActiveCfg = Debug|Any CPU
		{C4DEE85C-DCC5-4B2B-B73F-441873B44CF1}.Debug|Any CPU.Build.0 = Debug|Any CPU
		{C4DEE85C-DCC5-4B2B-B73F-441873B44CF1}.Release|Any CPU.ActiveCfg = Release|Any CPU
		{C4DEE85C-DCC5-4B2B-B73F-441873B44CF1}.Release|Any CPU.Build.0 = Release|Any CPU
		{FFC6899B-DB9F-4DE1-9876-D18B084BB612}.Debug|Any CPU.ActiveCfg = Debug|Any CPU
		{FFC6899B-DB9F-4DE1-9876-D18B084BB612}.Debug|Any CPU.Build.0 = Debug|Any CPU
		{FFC6899B-DB9F-4DE1-9876-D18B084BB612}.Release|Any CPU.ActiveCfg = Release|Any CPU
		{FFC6899B-DB9F-4DE1-9876-D18B084BB612}.Release|Any CPU.Build.0 = Release|Any CPU
		{126A6D71-5164-4AA6-BF0F-8DE27265A7B4}.Debug|Any CPU.ActiveCfg = Debug|Any CPU
		{126A6D71-5164-4AA6-BF0F-8DE27265A7B4}.Debug|Any CPU.Build.0 = Debug|Any CPU
		{126A6D71-5164-4AA6-BF0F-8DE27265A7B4}.Release|Any CPU.ActiveCfg = Release|Any CPU
		{126A6D71-5164-4AA6-BF0F-8DE27265A7B4}.Release|Any CPU.Build.0 = Release|Any CPU
		{25EA7479-35DB-4AD0-A7C2-81B4A34CA056}.Debug|Any CPU.ActiveCfg = Debug|Any CPU
		{25EA7479-35DB-4AD0-A7C2-81B4A34CA056}.Debug|Any CPU.Build.0 = Debug|Any CPU
		{25EA7479-35DB-4AD0-A7C2-81B4A34CA056}.Release|Any CPU.ActiveCfg = Release|Any CPU
		{25EA7479-35DB-4AD0-A7C2-81B4A34CA056}.Release|Any CPU.Build.0 = Release|Any CPU
	EndGlobalSection
	GlobalSection(SolutionProperties) = preSolution
		HideSolutionNode = FALSE
	EndGlobalSection
	GlobalSection(NestedProjects) = preSolution
		{B271805B-C104-439E-A9DB-8514EF04C455} = {4A9C9C34-D8E1-4063-9E80-E5BC9267E056}
		{C5C1E4E9-636E-46FF-BEC9-5A1FE377B03C} = {B271805B-C104-439E-A9DB-8514EF04C455}
		{6C8B6E69-501C-44F4-B617-A0DE2B17EB71} = {D77A2B56-3FAE-4E0E-B238-C890E69A33B4}
		{85BE781D-0661-4AA1-BB20-64319F2B09A2} = {6C8B6E69-501C-44F4-B617-A0DE2B17EB71}
		{BADEB6E1-7AF0-49C2-9F76-64E288062458} = {6C8B6E69-501C-44F4-B617-A0DE2B17EB71}
		{C159F6D0-FF16-41EC-9D95-6729F065B99B} = {6C8B6E69-501C-44F4-B617-A0DE2B17EB71}
		{C4DEE85C-DCC5-4B2B-B73F-441873B44CF1} = {9808812B-87AA-43C3-8047-3386674C599E}
		{FFC6899B-DB9F-4DE1-9876-D18B084BB612} = {9808812B-87AA-43C3-8047-3386674C599E}
		{126A6D71-5164-4AA6-BF0F-8DE27265A7B4} = {9808812B-87AA-43C3-8047-3386674C599E}
		{25EA7479-35DB-4AD0-A7C2-81B4A34CA056} = {9808812B-87AA-43C3-8047-3386674C599E}
	EndGlobalSection
	GlobalSection(ExtensibilityGlobals) = postSolution
		SolutionGuid = {2B3BF6A1-5C1D-43BF-B441-B4A69CECAC31}
	EndGlobalSection
EndGlobal
